Microsoft Visual Studio Solution File, Format Version 8.00
Project("{FAE04EC0-301F-11D3-BF4B-00C04F79EFBC}") = "PictureBoxTest", "PictureBoxTest.csproj", "{8BEEE569-BE7F-4FC0-B8A2-438DC1AB2095}"
	ProjectSection(ProjectDependencies) = postProject
	EndProjectSection
EndProject
Global
	GlobalSection(SolutionConfiguration) = preSolution
		Debug = Debug
		Release = Release
	EndGlobalSection
	GlobalSection(ProjectConfiguration) = postSolution
		{8BEEE569-BE7F-4FC0-B8A2-438DC1AB2095}.Debug.ActiveCfg = Debug|.NET
		{8BEEE569-BE7F-4FC0-B8A2-438DC1AB2095}.Debug.Build.0 = Debug|.NET
		{8BEEE569-BE7F-4FC0-B8A2-438DC1AB2095}.Release.ActiveCfg = Release|.NET
		{8BEEE569-BE7F-4FC0-B8A2-438DC1AB2095}.Release.Build.0 = Release|.NET
	EndGlobalSection
	GlobalSection(ExtensibilityGlobals) = postSolution
	EndGlobalSection
	GlobalSection(ExtensibilityAddIns) = postSolution
	EndGlobalSection
EndGlobal
